
Microsoft Visual Studio Solution File, Format Version 12.00
# Visual Studio Version 16
VisualStudioVersion = 16.0.30011.22
MinimumVisualStudioVersion = 10.0.40219.1
Project("{FAE04EC0-301F-11D3-BF4B-00C04F79EFBC}") = "Laba37", "Laba37.csproj", "{0950CB2E-4794-4C37-9C16-866EFE39C1A3}"
EndProject
Global
	GlobalSection(SolutionConfigurationPlatforms) = preSolution
		Debug|Any CPU = Debug|Any CPU
		Release|Any CPU = Release|Any CPU
	EndGlobalSection
	GlobalSection(ProjectConfigurationPlatforms) = postSolution
		{0950CB2E-4794-4C37-9C16-866EFE39C1A3}.Debug|Any CPU.ActiveCfg = Debug|Any CPU
		{0950CB2E-4794-4C37-9C16-866EFE39C1A3}.Debug|Any CPU.Build.0 = Debug|Any CPU
		{0950CB2E-4794-4C37-9C16-866EFE39C1A3}.Release|Any CPU.ActiveCfg = Release|Any CPU
		{0950CB2E-4794-4C37-9C16-866EFE39C1A3}.Release|Any CPU.Build.0 = Release|Any CPU
	EndGlobalSection
	GlobalSection(SolutionProperties) = preSolution
		HideSolutionNode = FALSE
	EndGlobalSection
	GlobalSection(ExtensibilityGlobals) = postSolution
		SolutionGuid = {265F605A-F0EA-406A-9D6E-4CC6C8CB4BF7}
	EndGlobalSection
EndGlobal
